# This file is @generated by PDM.
# It is not intended for manual editing.

[metadata]
groups = ["default", "dev"]
strategy = ["inherit_metadata"]
lock_version = "4.5.0"
content_hash = "sha256:5ed69e6dcb5229db26d834bcdd0c35662fead980e3c164606878f5530d19ed4c"

[[metadata.targets]]
requires_python = ">=3.12"

[[package]]
name = "asynch"
version = "0.3.0"
requires_python = "<4.0,>=3.9"
summary = "An asyncio driver for ClickHouse with native TCP support"
groups = ["default"]
dependencies = [
    "ciso8601<3.0.0,>=2.3.2",
    "leb128<2.0.0,>=1.0.8",
    "lz4<5.0.0,>=4.4.3",
    "pytz<2026.0,>=2025.1",
    "tzlocal<6.0.0,>=5.3.1",
    "zstd<2.0.0.0,>=1.5.6.6",
]
files = [
    {file = "asynch-0.3.0-py3-none-any.whl", hash = "sha256:b95e58150c6d2d0eac0044da99357699cf36bb7ec6d78aa92a8e2a3b5f27621e"},
    {file = "asynch-0.3.0.tar.gz", hash = "sha256:5806b3df6b7ed998a427c718c7d3be73f498f234d11e3aa5b5dd50577db94516"},
]

[[package]]
name = "asynch"
version = "0.3.0"
extras = ["compression"]
requires_python = "<4.0,>=3.9"
summary = "An asyncio driver for ClickHouse with native TCP support"
groups = ["default"]
dependencies = [
    "asynch==0.3.0",
    "clickhouse-cityhash<2.0.0.0,>=1.0.2.4",
]
files = [
    {file = "asynch-0.3.0-py3-none-any.whl", hash = "sha256:b95e58150c6d2d0eac0044da99357699cf36bb7ec6d78aa92a8e2a3b5f27621e"},
    {file = "asynch-0.3.0.tar.gz", hash = "sha256:5806b3df6b7ed998a427c718c7d3be73f498f234d11e3aa5b5dd50577db94516"},
]

[[package]]
name = "ciso8601"
version = "2.3.2"
summary = "Fast ISO8601 date time parser for Python written in C"
groups = ["default"]
files = [
    {file = "ciso8601-2.3.2-cp312-cp312-macosx_11_0_arm64.whl", hash = "sha256:75870a1e496a17e9e8d2ac90125600e1bafe51679d2836b2f6cb66908fef7ad6"},
    {file = "ciso8601-2.3.2-cp312-cp312-macosx_11_0_universal2.whl", hash = "sha256:c117c415c43aa3db68ee16a2446cb85c5e88459650421d773f6f6444ce5e5819"},
    {file = "ciso8601-2.3.2-cp312-cp312-macosx_11_0_x86_64.whl", hash = "sha256:ce5f76297b6138dc5c085d4c5a0a631afded99f250233fe583dc365f67fe8a8d"},
    {file = "ciso8601-2.3.2-cp312-cp312-manylinux_2_17_aarch64.manylinux2014_aarch64.whl", hash = "sha256:8e3205e4cfd63100f454ea67100c7c6123af32da0022bdc6e81058e95476a8ad"},
    {file = "ciso8601-2.3.2-cp312-cp312-manylinux_2_5_x86_64.manylinux1_x86_64.manylinux_2_17_x86_64.manylinux2014_x86_64.whl", hash = "sha256:5308a14ac72898f91332ccfded2f18a6c558ccd184ccff84c4fb36c7e4c2a0e6"},
    {file = "ciso8601-2.3.2-cp312-cp312-musllinux_1_2_aarch64.whl", hash = "sha256:e825cb5ecd232775a94ef3c456ab19752ee8e66eaeb20562ea45472eaa8614ec"},
    {file = "ciso8601-2.3.2-cp312-cp312-musllinux_1_2_x86_64.whl", hash = "sha256:7a8f96f91bdeabee7ebca2c6e48185bea45e195f406ff748c87a3c9ecefb25cc"},
    {file = "ciso8601-2.3.2-cp312-cp312-win_amd64.whl", hash = "sha256:3fe497819e50a245253a3b2d62ec4c68f8cf337d79dc18e2f3b0a74d24dc5e93"},
    {file = "ciso8601-2.3.2.tar.gz", hash = "sha256:ec1616969aa46c51310b196022e5d3926f8d3fa52b80ec17f6b4133623bd5434"},
]

[[package]]
name = "clickhouse-cityhash"
version = "1.0.2.4"
summary = "Python-bindings for CityHash, a fast non-cryptographic hash algorithm"
groups = ["default"]
files = [
    {file = "clickhouse-cityhash-1.0.2.4.tar.gz", hash = "sha256:7b3125d7d0aa13c2cc4e7583a965a6bfb0aa96a12131475b442552bacb55f4f8"},
    {file = "clickhouse_cityhash-1.0.2.4-cp312-cp312-macosx_10_9_x86_64.whl", hash = "sha256:261fc1b0bf349de66b2d9e3d367879a561b516ca8e54e85e0c27b7c1a4f639b4"},
    {file = "clickhouse_cityhash-1.0.2.4-cp312-cp312-macosx_11_0_arm64.whl", hash = "sha256:acfa79048ac3b8203feba108c2d637d89ce1dfeaefabc1272a5c4e2dab716314"},
    {file = "clickhouse_cityhash-1.0.2.4-cp312-cp312-manylinux_2_17_aarch64.manylinux2014_aarch64.whl", hash = "sha256:bbfd83713e5a7a700c4a8200e921bc580fd7cba5f3b9d732172a5d82b12b3e20"},
    {file = "clickhouse_cityhash-1.0.2.4-cp312-cp312-manylinux_2_17_ppc64le.manylinux2014_ppc64le.whl", hash = "sha256:1111ed4a7a43fc29d6236425b22a14cae5585ee09a2f0496232918bf764bf9e8"},
    {file = "clickhouse_cityhash-1.0.2.4-cp312-cp312-manylinux_2_17_s390x.manylinux2014_s390x.whl", hash = "sha256:3e410b2cc5a658308daafaaf4d748b7d955e3c520510d41b6fd4c04d01a2b656"},
    {file = "clickhouse_cityhash-1.0.2.4-cp312-cp312-manylinux_2_5_i686.manylinux1_i686.manylinux_2_17_i686.manylinux2014_i686.whl", hash = "sha256:6e7fc486b75d991d7ede80fc467075c5376566e74f4bc6c01e2d2cd433536a24"},
    {file = "clickhouse_cityhash-1.0.2.4-cp312-cp312-manylinux_2_5_x86_64.manylinux1_x86_64.manylinux_2_17_x86_64.manylinux2014_x86_64.whl", hash = "sha256:f1f8fec4027cd648f72009ef59c9b76c5a27a33ca166b4e79e46542009429813"},
    {file = "clickhouse_cityhash-1.0.2.4-cp312-cp312-musllinux_1_1_aarch64.whl", hash = "sha256:2d3c436f2682f37c9d501e5fa14e7ec114d68d80a40b56125bb5ad8892abea27"},
    {file = "clickhouse_cityhash-1.0.2.4-cp312-cp312-musllinux_1_1_i686.whl", hash = "sha256:58fe79c80e8db811bbc1119dea51a42235813734c4989b76ecfd3f63d67e980e"},
    {file = "clickhouse_cityhash-1.0.2.4-cp312-cp312-musllinux_1_1_ppc64le.whl", hash = "sha256:8abcbaf0324323f74bdf95089226f42b69ccb05dd03a5fa5295011ba89402f10"},
    {file = "clickhouse_cityhash-1.0.2.4-cp312-cp312-musllinux_1_1_s390x.whl", hash = "sha256:b3f4c4c8bc6b24ca14d3c79cec2201158222a1559e155c5f232d4782d5b27c7d"},
    {file = "clickhouse_cityhash-1.0.2.4-cp312-cp312-musllinux_1_1_x86_64.whl", hash = "sha256:f6ba93ca4e18eae79ce5ea1975551050a35136ec9e6d22b2bf066c3d2c885c47"},
    {file = "clickhouse_cityhash-1.0.2.4-cp312-cp312-win32.whl", hash = "sha256:37720341a4499514ec7a097c4fbebc3892bea983f225f771de8dd50e77fe9333"},
    {file = "clickhouse_cityhash-1.0.2.4-cp312-cp312-win_amd64.whl", hash = "sha256:0409917be29f5ad80a6772712fce954b5e81450555636e8523290ee9740a2dbb"},
]

[[package]]
name = "colorama"
version = "0.4.6"
requires_python = "!=3.0.*,!=3.1.*,!=3.2.*,!=3.3.*,!=3.4.*,!=3.5.*,!=3.6.*,>=2.7"
summary = "Cross-platform colored terminal text."
groups = ["dev"]
marker = "sys_platform == \"win32\""
files = [
    {file = "colorama-0.4.6-py2.py3-none-any.whl", hash = "sha256:4f1d9991f5acc0ca119f9d443620b77f9d6b33703e51011c16baf57afb285fc6"},
    {file = "colorama-0.4.6.tar.gz", hash = "sha256:08695f5cb7ed6e0531a20572697297273c47b8cae5a63ffc6d6ed5c201be6e44"},
]

[[package]]
name = "iniconfig"
version = "2.1.0"
requires_python = ">=3.8"
summary = "brain-dead simple config-ini parsing"
groups = ["dev"]
files = [
    {file = "iniconfig-2.1.0-py3-none-any.whl", hash = "sha256:9deba5723312380e77435581c6bf4935c94cbfab9b1ed33ef8d238ea168eb760"},
    {file = "iniconfig-2.1.0.tar.gz", hash = "sha256:3abbd2e30b36733fee78f9c7f7308f2d0050e88f0087fd25c2645f63c773e1c7"},
]

[[package]]
name = "leb128"
version = "1.0.8"
summary = "LEB128(Little Endian Base 128)"
groups = ["default"]
files = [
    {file = "leb128-1.0.8-py3-none-any.whl", hash = "sha256:76cd271e75ea91aa2fbf7783d60cb7d667b62143d544bcee59159ff258bf4523"},
    {file = "leb128-1.0.8.tar.gz", hash = "sha256:3a52dca242f93f87a3d766380a93a3fad53ef4044f03018d21705d3b2d9021ee"},
]

[[package]]
name = "lz4"
version = "4.4.4"
requires_python = ">=3.9"
summary = "LZ4 Bindings for Python"
groups = ["default"]
files = [
    {file = "lz4-4.4.4-cp312-cp312-macosx_10_13_x86_64.whl", hash = "sha256:23ae267494fdd80f0d2a131beff890cf857f1b812ee72dbb96c3204aab725553"},
    {file = "lz4-4.4.4-cp312-cp312-macosx_11_0_arm64.whl", hash = "sha256:fff9f3a1ed63d45cb6514bfb8293005dc4141341ce3500abdfeb76124c0b9b2e"},
    {file = "lz4-4.4.4-cp312-cp312-manylinux_2_17_aarch64.manylinux2014_aarch64.whl", hash = "sha256:1ea7f07329f85a8eda4d8cf937b87f27f0ac392c6400f18bea2c667c8b7f8ecc"},
    {file = "lz4-4.4.4-cp312-cp312-manylinux_2_17_x86_64.manylinux2014_x86_64.whl", hash = "sha256:8ccab8f7f7b82f9fa9fc3b0ba584d353bd5aa818d5821d77d5b9447faad2aaad"},
    {file = "lz4-4.4.4-cp312-cp312-manylinux_2_5_i686.manylinux1_i686.manylinux_2_17_i686.manylinux2014_i686.whl", hash = "sha256:e43e9d48b2daf80e486213128b0763deed35bbb7a59b66d1681e205e1702d735"},
    {file = "lz4-4.4.4-cp312-cp312-win32.whl", hash = "sha256:33e01e18e4561b0381b2c33d58e77ceee850a5067f0ece945064cbaac2176962"},
    {file = "lz4-4.4.4-cp312-cp312-win_amd64.whl", hash = "sha256:d21d1a2892a2dcc193163dd13eaadabb2c1b803807a5117d8f8588b22eaf9f12"},
    {file = "lz4-4.4.4-cp312-cp312-win_arm64.whl", hash = "sha256:2f4f2965c98ab254feddf6b5072854a6935adab7bc81412ec4fe238f07b85f62"},
    {file = "lz4-4.4.4-cp313-cp313-macosx_10_13_x86_64.whl", hash = "sha256:ed6eb9f8deaf25ee4f6fad9625d0955183fdc90c52b6f79a76b7f209af1b6e54"},
    {file = "lz4-4.4.4-cp313-cp313-macosx_11_0_arm64.whl", hash = "sha256:18ae4fe3bafb344dbd09f976d45cbf49c05c34416f2462828f9572c1fa6d5af7"},
    {file = "lz4-4.4.4-cp313-cp313-manylinux_2_17_aarch64.manylinux2014_aarch64.whl", hash = "sha256:57fd20c5fc1a49d1bbd170836fccf9a338847e73664f8e313dce6ac91b8c1e02"},
    {file = "lz4-4.4.4-cp313-cp313-manylinux_2_17_x86_64.manylinux2014_x86_64.whl", hash = "sha256:e9cb387c33f014dae4db8cb4ba789c8d2a0a6d045ddff6be13f6c8d9def1d2a6"},
    {file = "lz4-4.4.4-cp313-cp313-manylinux_2_5_i686.manylinux1_i686.manylinux_2_17_i686.manylinux2014_i686.whl", hash = "sha256:d0be9f68240231e1e44118a4ebfecd8a5d4184f0bdf5c591c98dd6ade9720afd"},
    {file = "lz4-4.4.4-cp313-cp313-win32.whl", hash = "sha256:e9ec5d45ea43684f87c316542af061ef5febc6a6b322928f059ce1fb289c298a"},
    {file = "lz4-4.4.4-cp313-cp313-win_amd64.whl", hash = "sha256:a760a175b46325b2bb33b1f2bbfb8aa21b48e1b9653e29c10b6834f9bb44ead4"},
    {file = "lz4-4.4.4-cp313-cp313-win_arm64.whl", hash = "sha256:f4c21648d81e0dda38b4720dccc9006ae33b0e9e7ffe88af6bf7d4ec124e2fba"},
    {file = "lz4-4.4.4.tar.gz", hash = "sha256:070fd0627ec4393011251a094e08ed9fdcc78cb4e7ab28f507638eee4e39abda"},
]

[[package]]
name = "packaging"
version = "25.0"
requires_python = ">=3.8"
summary = "Core utilities for Python packages"
groups = ["dev"]
files = [
    {file = "packaging-25.0-py3-none-any.whl", hash = "sha256:29572ef2b1f17581046b3a2227d5c611fb25ec70ca1ba8554b24b0e69331a484"},
    {file = "packaging-25.0.tar.gz", hash = "sha256:d443872c98d677bf60f6a1f2f8c1cb748e8fe762d2bf9d3148b5599295b0fc4f"},
]

[[package]]
name = "pluggy"
version = "1.6.0"
requires_python = ">=3.9"
summary = "plugin and hook calling mechanisms for python"
groups = ["dev"]
files = [
    {file = "pluggy-1.6.0-py3-none-any.whl", hash = "sha256:e920276dd6813095e9377c0bc5566d94c932c33b27a3e3945d8389c374dd4746"},
    {file = "pluggy-1.6.0.tar.gz", hash = "sha256:7dcc130b76258d33b90f61b658791dede3486c3e6bfb003ee5c9bfb396dd22f3"},
]

[[package]]
name = "pytest"
version = "8.3.5"
requires_python = ">=3.8"
summary = "pytest: simple powerful testing with Python"
groups = ["dev"]
dependencies = [
    "colorama; sys_platform == \"win32\"",
    "exceptiongroup>=1.0.0rc8; python_version < \"3.11\"",
    "iniconfig",
    "packaging",
    "pluggy<2,>=1.5",
    "tomli>=1; python_version < \"3.11\"",
]
files = [
    {file = "pytest-8.3.5-py3-none-any.whl", hash = "sha256:c69214aa47deac29fad6c2a4f590b9c4a9fdb16a403176fe154b79c0b4d4d820"},
    {file = "pytest-8.3.5.tar.gz", hash = "sha256:f4efe70cc14e511565ac476b57c279e12a855b11f48f212af1080ef2263d3845"},
]

[[package]]
name = "pytest-asyncio"
version = "1.0.0"
requires_python = ">=3.9"
summary = "Pytest support for asyncio"
groups = ["dev"]
dependencies = [
    "pytest<9,>=8.2",
    "typing-extensions>=4.12; python_version < \"3.10\"",
]
files = [
    {file = "pytest_asyncio-1.0.0-py3-none-any.whl", hash = "sha256:4f024da9f1ef945e680dc68610b52550e36590a67fd31bb3b4943979a1f90ef3"},
    {file = "pytest_asyncio-1.0.0.tar.gz", hash = "sha256:d15463d13f4456e1ead2594520216b225a16f781e144f8fdf6c5bb4667c48b3f"},
]

[[package]]
name = "pytz"
version = "2025.2"
summary = "World timezone definitions, modern and historical"
groups = ["default"]
files = [
    {file = "pytz-2025.2-py2.py3-none-any.whl", hash = "sha256:5ddf76296dd8c44c26eb8f4b6f35488f3ccbf6fbbd7adee0b7262d43f0ec2f00"},
    {file = "pytz-2025.2.tar.gz", hash = "sha256:360b9e3dbb49a209c21ad61809c7fb453643e048b38924c765813546746e81c3"},
]

[[package]]
name = "tzdata"
version = "2025.2"
requires_python = ">=2"
summary = "Provider of IANA time zone data"
groups = ["default"]
marker = "platform_system == \"Windows\""
files = [
    {file = "tzdata-2025.2-py2.py3-none-any.whl", hash = "sha256:1a403fada01ff9221ca8044d701868fa132215d84beb92242d9acd2147f667a8"},
    {file = "tzdata-2025.2.tar.gz", hash = "sha256:b60a638fcc0daffadf82fe0f57e53d06bdec2f36c4df66280ae79bce6bd6f2b9"},
]

[[package]]
name = "tzlocal"
version = "5.3.1"
requires_python = ">=3.9"
summary = "tzinfo object for the local timezone"
groups = ["default"]
dependencies = [
    "tzdata; platform_system == \"Windows\"",
]
files = [
    {file = "tzlocal-5.3.1-py3-none-any.whl", hash = "sha256:eb1a66c3ef5847adf7a834f1be0800581b683b5608e74f86ecbcef8ab91bb85d"},
    {file = "tzlocal-5.3.1.tar.gz", hash = "sha256:cceffc7edecefea1f595541dbd6e990cb1ea3d19bf01b2809f362a03dd7921fd"},
]

[[package]]
name = "zstd"
version = "1.5.7.0"
summary = "ZSTD Bindings for Python"
groups = ["default"]
files = [
    {file = "zstd-1.5.7.0-cp312-cp312-manylinux_2_4_i686.whl", hash = "sha256:b0fe6bcdfdfd2a28853943bea3bfbc6bec6b1361852c10211dca8d3ebbd7e152"},
    {file = "zstd-1.5.7.0.tar.gz", hash = "sha256:afe4f5dc80ffaa3c97be48b2f74065883c4607610f9af3e8f7101c3a5047915a"},
]
